anyascii==0.3.0
asgiref==3.4.1
attrdict==2.0.1
attrs==21.4.0
beautifulsoup4==4.9.3
black==21.12b0
cached-property==1.5.2
certifi==2021.10.8
cfgv==3.3.1
charset-normalizer==2.0.10
click==8.0.3
colorama==0.4.4
commonmark==0.9.1
coverage==6.2
distlib==0.3.4
Django==3.2.11
django-admin-sortable2==1.0.3
django-adminlogentries==0.1.2
django-autocomplete-light==3.8.2
django-cas-ng==4.3.0
django-csp==3.7
django-dbml==0.5.0
django-debug-toolbar==3.2.4
django-filter==21.1
django-fixture-magic==0.1.4
django-gfklookupwidget==1.0.9
django-modelcluster==5.2
django-modeltranslation==0.17.3
django-multiselectfield==0.1.12
django-split-settings==1.1.0
django-tabular-export==1.1.0
django-taggit==1.5.1
django-treebeard==4.5.1
django-webpack-loader==1.4.1
djangorestframework==3.13.1
djiffy==0.7.0
draftjs-exporter==2.1.7
et-xmlfile==1.1.0
eulxml==1.1.3
filelock==3.4.2
future==0.18.2
gitdb==4.0.9
GitPython==3.1.26
html5lib==1.1
identify==2.4.4
idna==3.3
iniconfig==1.1.1
isodate==0.6.1
jsonfield==2.1.1
l18n==2021.3
ldap3==2.9.1
lxml==4.7.1
mypy-extensions==0.4.3
nodeenv==1.6.0
openpyxl==3.0.9
packaging==21.3
parasolr==0.8.0
pathspec==0.9.0
percy-selenium==1.0.4
piffle==0.4.0
Pillow==9.0.0
platformdirs==2.4.1
pluggy==1.0.0
ply==3.11
polib==1.1.1
pre-commit==2.17.0
progressbar2==4.0.0
psycopg2-binary==2.9.3
pucas==0.7.0
py==1.11.0
pyasn1==0.4.8
Pygments==2.11.2
pyparsing==3.0.6
pytest==6.2.5
pytest-cov==3.0.0
pytest-django==4.4.0
pytest-ordering==0.6
python-cas==1.6.0
python-dateutil==2.8.2
python-utils==3.1.0
pytz==2021.3
PyYAML==6.0
rdflib==6.1.1
requests==2.27.1
rich==11.0.0
selenium==3.141.0
six==1.16.0
smmap==5.0.0
soupsieve==2.3.1
sqlparse==0.4.2
tablib==3.1.0
taggit-selectize==2.11.0
telepath==0.2
toml==0.10.2
tomli==1.2.3
typing_extensions==4.0.1
urllib3==1.26.8
virtualenv==20.13.0
wagtail==2.15.2
wagtail-localize==1.0.1
webencodings==0.5.1
Willow==1.4
xlrd==2.0.1
XlsxWriter==3.0.2
xlwt==1.3.0
