asgiref==3.2.10
attrdict==2.0.1
cached-property==1.5.2
certifi==2020.12.5
chardet==4.0.0
Django==3.1
django-admin-sortable2==1.0
django-cas-ng==4.1.1
django-gfklookupwidget==1.0.9
django-modeltranslation==0.17.1
django-multiselectfield==0.1.12
django-split-settings==1.0.1
django-tabular-export==1.1.0
django-taggit==1.4.0
idna==2.10
ldap3==2.9
lxml==4.6.3
parasolr==0.7.0
piffle==0.4.0
progressbar2==3.53.1
psycopg2==2.8.6
pucas==0.7.0
pyasn1==0.4.8
python-cas==1.5.0
python-dateutil==2.8.1
python-utils==2.5.6
pytz==2021.1
requests==2.25.1
six==1.16.0
sqlparse==0.4.1
taggit-selectize==2.10.0
urllib3==1.26.5
XlsxWriter==1.4.3
