addict==2.4.0
alabaster==0.7.12
anyascii==0.3.0
asgiref==3.4.1
attrdict==2.0.1
attrs==21.2.0
Babel==2.10.1
backports.entry-points-selectable==1.1.0
beautifulsoup4==4.9.3
black==22.3.0
bleach==5.0.1
cached-property==1.5.2
cachetools==5.2.0
certifi==2021.10.8
cfgv==3.3.1
charset-normalizer==2.0.12
click==8.0.4
colorama==0.4.4
commonmark==0.9.1
convertdate==2.4.0
coverage==6.0.2
distlib==0.3.3
Django==3.2.14
django-addanother==2.1.0
django-admin-inline-paginator==0.3.0
django-admin-sortable2==1.0.4
django-adminlogentries==0.1.2
django-appconf==1.0.5
django-autocomplete-light==3.9.4
django-cas-ng==4.2.1
django-csp==3.7
django-csp-helpers==0.6.2
django-dbml==0.5.0
django-debug-toolbar==3.2.2
django-filter==21.1
django-fixture-magic @ git+https://github.com/KJagiela/django-fixture-magic@dadd22857b62c66b34e3e8d939998c4dbbb7a2ee
django-fullurl==1.3
django-gfklookupwidget==1.0.9
django-modelcluster==5.2
django-modeltranslation==0.17.5
django-multiselectfield==0.1.12
django-select2==7.10.0
django-split-settings==1.1.0
django-tabular-export==1.1.0
django-taggit==1.5.1
django-treebeard==4.5.1
django-webpack-loader==1.5.0
django-widget-tweaks==1.4.12
djangorestframework==3.12.4
djiffy==0.8.0
docutils==0.17.1
draftjs-exporter==2.1.7
et-xmlfile==1.1.0
eulxml==1.1.3
filelock==3.3.1
frozendict==2.3.4
future==0.18.2
gitdb==4.0.9
GitPython==3.1.27
html5lib==1.1
identify==2.3.0
idna==3.3
iiif-prezi==0.3.0
imagesize==1.3.0
importlib-metadata==4.11.3
iniconfig==1.1.1
isodate==0.6.0
Jinja2==3.1.1
jsonfield==2.1.1
l18n==2021.3
ldap3==2.9.1
lxml==4.6.3
MarkupSafe==2.1.1
mypy-extensions==0.4.3
natsort==8.1.0
nodeenv==1.6.0
openpyxl==3.0.9
packaging==21.0
parasolr==0.8.2
pathspec==0.9.0
percy-selenium==1.0.4
piffle==0.4.0
Pillow==8.4.0
platformdirs==2.4.0
pluggy==1.0.0
ply==3.11
polib==1.1.1
pre-commit==2.15.0
progressbar2==3.55.0
psycopg2-binary==2.9.3
pucas==0.7.0
py==1.10.0
pyasn1==0.4.8
Pygments==2.10.0
PyLD==2.0.3
PyMeeus==0.5.11
pyparsing==2.4.7
pytest==6.2.5
pytest-cov==3.0.0
pytest-django==4.4.0
pytest-ordering==0.6
python-cas==1.6.0
python-dateutil==2.8.2
python-utils==2.5.6
pytz==2021.3
PyYAML==6.0
rdflib==6.0.2
regex==2021.10.8
requests==2.27.1
rich==12.3.0
selenium==3.141.0
six==1.16.0
smmap==5.0.0
snowballstemmer==2.2.0
soupsieve==2.3.1
Sphinx==4.5.0
sphinxcontrib-applehelp==1.0.2
sphinxcontrib-devhelp==1.0.2
sphinxcontrib-htmlhelp==2.0.0
sphinxcontrib-jsmath==1.0.1
sphinxcontrib-qthelp==1.0.3
sphinxcontrib-serializinghtml==1.1.5
sqlparse==0.4.2
tablib==3.1.0
taggit-selectize==2.11.0
telepath==0.2
toml==0.10.2
tomli==2.0.1
typing_extensions==4.3.0
Unidecode==1.3.4
urllib3==1.26.7
virtualenv==20.8.1
wagtail==2.15.5
wagtail-localize==1.2.1
webencodings==0.5.1
Willow==1.4
xlrd==2.0.1
XlsxWriter==3.0.1
xlwt==1.3.0
zipp==3.8.0
